
Microsoft Visual Studio Solution File, Format Version 12.00
# Visual Studio Version 16
VisualStudioVersion = 16.0.29006.145
MinimumVisualStudioVersion = 10.0.40219.1
Project("{9A19103F-16F7-4668-BE54-9A1E7A4F7556}") = "Eir.DevTools", "Eir.DevTools\Eir.DevTools.csproj", "{0AD1E81B-FF8B-4F24-BFBE-403B88EF5973}"
EndProject
Project("{FAE04EC0-301F-11D3-BF4B-00C04F79EFBC}") = "Eir.DevTools.XTests", "Eir.DevTools.XTests\Eir.DevTools.XTests.csproj", "{45108574-4FC5-4C0C-BEAB-25CFAB94B302}"
EndProject
Global
	GlobalSection(SolutionConfigurationPlatforms) = preSolution
		Debug|Any CPU = Debug|Any CPU
		Debug|x64 = Debug|x64
		Release|Any CPU = Release|Any CPU
		Release|x64 = Release|x64
	EndGlobalSection
	GlobalSection(ProjectConfigurationPlatforms) = postSolution
		{0AD1E81B-FF8B-4F24-BFBE-403B88EF5973}.Debug|Any CPU.ActiveCfg = Debug|Any CPU
		{0AD1E81B-FF8B-4F24-BFBE-403B88EF5973}.Debug|Any CPU.Build.0 = Debug|Any CPU
		{0AD1E81B-FF8B-4F24-BFBE-403B88EF5973}.Debug|x64.ActiveCfg = Debug|x64
		{0AD1E81B-FF8B-4F24-BFBE-403B88EF5973}.Debug|x64.Build.0 = Debug|x64
		{0AD1E81B-FF8B-4F24-BFBE-403B88EF5973}.Release|Any CPU.ActiveCfg = Release|Any CPU
		{0AD1E81B-FF8B-4F24-BFBE-403B88EF5973}.Release|Any CPU.Build.0 = Release|Any CPU
		{0AD1E81B-FF8B-4F24-BFBE-403B88EF5973}.Release|x64.ActiveCfg = Release|x64
		{0AD1E81B-FF8B-4F24-BFBE-403B88EF5973}.Release|x64.Build.0 = Release|x64
		{45108574-4FC5-4C0C-BEAB-25CFAB94B302}.Debug|Any CPU.ActiveCfg = Debug|Any CPU
		{45108574-4FC5-4C0C-BEAB-25CFAB94B302}.Debug|Any CPU.Build.0 = Debug|Any CPU
		{45108574-4FC5-4C0C-BEAB-25CFAB94B302}.Debug|x64.ActiveCfg = Debug|Any CPU
		{45108574-4FC5-4C0C-BEAB-25CFAB94B302}.Debug|x64.Build.0 = Debug|Any CPU
		{45108574-4FC5-4C0C-BEAB-25CFAB94B302}.Release|Any CPU.ActiveCfg = Release|Any CPU
		{45108574-4FC5-4C0C-BEAB-25CFAB94B302}.Release|Any CPU.Build.0 = Release|Any CPU
		{45108574-4FC5-4C0C-BEAB-25CFAB94B302}.Release|x64.ActiveCfg = Release|Any CPU
		{45108574-4FC5-4C0C-BEAB-25CFAB94B302}.Release|x64.Build.0 = Release|Any CPU
	EndGlobalSection
	GlobalSection(SolutionProperties) = preSolution
		HideSolutionNode = FALSE
	EndGlobalSection
	GlobalSection(ExtensibilityGlobals) = postSolution
		SolutionGuid = {90499BD7-964F-4CE5-A761-BDF9EC6DCE28}
	EndGlobalSection
EndGlobal
